
Microsoft Visual Studio Solution File, Format Version 12.00
# Visual Studio Version 17
VisualStudioVersion = 17.7.34024.191
MinimumVisualStudioVersion = 10.0.40219.1
Project("{FAE04EC0-301F-11D3-BF4B-00C04F79EFBC}") = "BichinhoVirtual", "BichinhoVirtual\BichinhoVirtual.csproj", "{BA07080B-DCEE-4611-8EB5-4FBE7179F268}"
EndProject
Global
	GlobalSection(SolutionConfigurationPlatforms) = preSolution
		Debug|Any CPU = Debug|Any CPU
		Release|Any CPU = Release|Any CPU
	EndGlobalSection
	GlobalSection(ProjectConfigurationPlatforms) = postSolution
		{BA07080B-DCEE-4611-8EB5-4FBE7179F268}.Debug|Any CPU.ActiveCfg = Debug|Any CPU
		{BA07080B-DCEE-4611-8EB5-4FBE7179F268}.Debug|Any CPU.Build.0 = Debug|Any CPU
		{BA07080B-DCEE-4611-8EB5-4FBE7179F268}.Release|Any CPU.ActiveCfg = Release|Any CPU
		{BA07080B-DCEE-4611-8EB5-4FBE7179F268}.Release|Any CPU.Build.0 = Release|Any CPU
	EndGlobalSection
	GlobalSection(SolutionProperties) = preSolution
		HideSolutionNode = FALSE
	EndGlobalSection
	GlobalSection(ExtensibilityGlobals) = postSolution
		SolutionGuid = {1D2C65B3-ABF0-4578-A695-556C104F8635}
	EndGlobalSection
EndGlobal
